<Solution>
  <Folder Name="/samples/">
    <Project Path="samples/BasicUsage/BasicUsage.csproj" />
    <Project Path="samples/BgeSmallEmbedding/BgeSmallEmbedding.csproj" />
    <Project Path="samples/E5SmallEmbedding/E5SmallEmbedding.csproj" />
    <Project Path="samples/GteSmallEmbedding/GteSmallEmbedding.csproj" />
    <Project Path="samples/ComposablePoolingComparison/ComposablePoolingComparison.csproj" />
    <Project Path="samples/IntermediateInspection/IntermediateInspection.csproj" />
    <Project Path="samples/MeaiProviderAgnostic/MeaiProviderAgnostic.csproj" />
    <Project Path="samples/Classification/SentimentDistilBERT/SentimentDistilBERT.csproj" />
    <Project Path="samples/Classification/EmotionRoBERTa/EmotionRoBERTa.csproj" />
    <Project Path="samples/Classification/ZeroShotDeBERTa/ZeroShotDeBERTa.csproj" />
    <Project Path="samples/TextGenerationMeai/TextGenerationMeai.csproj" />
    <Project Path="samples/TextGenerationLocal/TextGenerationLocal.csproj" />
  </Folder>
  <Folder Name="/src/">
    <Project Path="src/MLNet.TextInference.Onnx/MLNet.TextInference.Onnx.csproj" />
    <Project Path="src/MLNet.TextGeneration.OnnxGenAI/MLNet.TextGeneration.OnnxGenAI.csproj" />
  </Folder>
</Solution>
